
Microsoft Visual Studio Solution File, Format Version 12.00
# Visual Studio Version 17
VisualStudioVersion = 17.4.33205.214
MinimumVisualStudioVersion = 10.0.40219.1
Project("{D954291E-2A0B-460D-934E-DC6B0785DB48}") = "BrityWorks.Shared", "BrityWorks.Shared\BrityWorks.Shared.shproj", "{CD4DC7F0-5C4E-4CFE-BEC0-315094F6A545}"
EndProject
Project("{FAE04EC0-301F-11D3-BF4B-00C04F79EFBC}") = "BrityWorks.AddIn.Hi.Works-v3.0", "BrityWorks.AddIn.Hi.Works-v3.0\BrityWorks.AddIn.Hi.Works-v3.0.csproj", "{C405AC91-33CC-4F2B-BC17-62F1FFFAF122}"
EndProject
Project("{FAE04EC0-301F-11D3-BF4B-00C04F79EFBC}") = "BrityWorks.AddIn.Hi.Works-v2.1", "BrityWorks.AddIn.Hi.Works-v2.1\BrityWorks.AddIn.Hi.Works-v2.1.csproj", "{3D252CCF-A88F-4FCE-85E1-E90FFB552A8F}"
EndProject
Project("{FAE04EC0-301F-11D3-BF4B-00C04F79EFBC}") = "BrityWorks.AddIn.Hi.Works-v2.5", "BrityWorks.AddIn.Hi.Works-v2.5\BrityWorks.AddIn.Hi.Works-v2.5.csproj", "{382C2056-308F-4F40-8EEF-02573669B705}"
EndProject
Project("{FAE04EC0-301F-11D3-BF4B-00C04F79EFBC}") = "Hi.Works.Lib.Net461", "Hi.Works.Lib.Net461\Hi.Works.Lib.Net461.csproj", "{9AE4D8A8-7AD4-4FF8-8D72-85B2A8521EC2}"
EndProject
Project("{FAE04EC0-301F-11D3-BF4B-00C04F79EFBC}") = "BrityWorks.AddIn.Hi.Works-v4", "BrityWorks.AddIn.Hi.Works-v4\BrityWorks.AddIn.Hi.Works-v4.csproj", "{5B226B99-F751-4636-B78A-CCE17A85D583}"
EndProject
Project("{FAE04EC0-301F-11D3-BF4B-00C04F79EFBC}") = "BrityWorks.AddIn.HiWorks-v4", "BrityWorks.AddIn.HiWorks-v4\BrityWorks.AddIn.HiWorks-v4.csproj", "{6C59D131-E874-4FB7-8B5F-C233E97C53F0}"
EndProject
Project("{FAE04EC0-301F-11D3-BF4B-00C04F79EFBC}") = "BrityWorks.AddIn.Sample", "BrityWorks.AddIn.Sample\BrityWorks.AddIn.Sample.csproj", "{A4070F08-47FE-4649-BE80-20E66ED496B9}"
EndProject
Global
	GlobalSection(SolutionConfigurationPlatforms) = preSolution
		Debug|Any CPU = Debug|Any CPU
		Debug|x86 = Debug|x86
		Release|Any CPU = Release|Any CPU
		Release|x86 = Release|x86
	EndGlobalSection
	GlobalSection(ProjectConfigurationPlatforms) = postSolution
		{C405AC91-33CC-4F2B-BC17-62F1FFFAF122}.Debug|Any CPU.ActiveCfg = Debug|Any CPU
		{C405AC91-33CC-4F2B-BC17-62F1FFFAF122}.Debug|Any CPU.Build.0 = Debug|Any CPU
		{C405AC91-33CC-4F2B-BC17-62F1FFFAF122}.Debug|x86.ActiveCfg = Debug|Any CPU
		{C405AC91-33CC-4F2B-BC17-62F1FFFAF122}.Debug|x86.Build.0 = Debug|Any CPU
		{C405AC91-33CC-4F2B-BC17-62F1FFFAF122}.Release|Any CPU.ActiveCfg = Release|Any CPU
		{C405AC91-33CC-4F2B-BC17-62F1FFFAF122}.Release|Any CPU.Build.0 = Release|Any CPU
		{C405AC91-33CC-4F2B-BC17-62F1FFFAF122}.Release|x86.ActiveCfg = Release|Any CPU
		{C405AC91-33CC-4F2B-BC17-62F1FFFAF122}.Release|x86.Build.0 = Release|Any CPU
		{3D252CCF-A88F-4FCE-85E1-E90FFB552A8F}.Debug|Any CPU.ActiveCfg = Debug|Any CPU
		{3D252CCF-A88F-4FCE-85E1-E90FFB552A8F}.Debug|Any CPU.Build.0 = Debug|Any CPU
		{3D252CCF-A88F-4FCE-85E1-E90FFB552A8F}.Debug|x86.ActiveCfg = Debug|Any CPU
		{3D252CCF-A88F-4FCE-85E1-E90FFB552A8F}.Debug|x86.Build.0 = Debug|Any CPU
		{3D252CCF-A88F-4FCE-85E1-E90FFB552A8F}.Release|Any CPU.ActiveCfg = Release|Any CPU
		{3D252CCF-A88F-4FCE-85E1-E90FFB552A8F}.Release|Any CPU.Build.0 = Release|Any CPU
		{3D252CCF-A88F-4FCE-85E1-E90FFB552A8F}.Release|x86.ActiveCfg = Release|Any CPU
		{3D252CCF-A88F-4FCE-85E1-E90FFB552A8F}.Release|x86.Build.0 = Release|Any CPU
		{382C2056-308F-4F40-8EEF-02573669B705}.Debug|Any CPU.ActiveCfg = Debug|Any CPU
		{382C2056-308F-4F40-8EEF-02573669B705}.Debug|Any CPU.Build.0 = Debug|Any CPU
		{382C2056-308F-4F40-8EEF-02573669B705}.Debug|x86.ActiveCfg = Debug|Any CPU
		{382C2056-308F-4F40-8EEF-02573669B705}.Debug|x86.Build.0 = Debug|Any CPU
		{382C2056-308F-4F40-8EEF-02573669B705}.Release|Any CPU.ActiveCfg = Release|Any CPU
		{382C2056-308F-4F40-8EEF-02573669B705}.Release|Any CPU.Build.0 = Release|Any CPU
		{382C2056-308F-4F40-8EEF-02573669B705}.Release|x86.ActiveCfg = Release|Any CPU
		{382C2056-308F-4F40-8EEF-02573669B705}.Release|x86.Build.0 = Release|Any CPU
		{9AE4D8A8-7AD4-4FF8-8D72-85B2A8521EC2}.Debug|Any CPU.ActiveCfg = Debug|Any CPU
		{9AE4D8A8-7AD4-4FF8-8D72-85B2A8521EC2}.Debug|Any CPU.Build.0 = Debug|Any CPU
		{9AE4D8A8-7AD4-4FF8-8D72-85B2A8521EC2}.Debug|x86.ActiveCfg = Debug|Any CPU
		{9AE4D8A8-7AD4-4FF8-8D72-85B2A8521EC2}.Debug|x86.Build.0 = Debug|Any CPU
		{9AE4D8A8-7AD4-4FF8-8D72-85B2A8521EC2}.Release|Any CPU.ActiveCfg = Release|Any CPU
		{9AE4D8A8-7AD4-4FF8-8D72-85B2A8521EC2}.Release|Any CPU.Build.0 = Release|Any CPU
		{9AE4D8A8-7AD4-4FF8-8D72-85B2A8521EC2}.Release|x86.ActiveCfg = Release|Any CPU
		{9AE4D8A8-7AD4-4FF8-8D72-85B2A8521EC2}.Release|x86.Build.0 = Release|Any CPU
		{5B226B99-F751-4636-B78A-CCE17A85D583}.Debug|Any CPU.ActiveCfg = Debug|Any CPU
		{5B226B99-F751-4636-B78A-CCE17A85D583}.Debug|Any CPU.Build.0 = Debug|Any CPU
		{5B226B99-F751-4636-B78A-CCE17A85D583}.Debug|x86.ActiveCfg = Debug|Any CPU
		{5B226B99-F751-4636-B78A-CCE17A85D583}.Debug|x86.Build.0 = Debug|Any CPU
		{5B226B99-F751-4636-B78A-CCE17A85D583}.Release|Any CPU.ActiveCfg = Release|Any CPU
		{5B226B99-F751-4636-B78A-CCE17A85D583}.Release|Any CPU.Build.0 = Release|Any CPU
		{5B226B99-F751-4636-B78A-CCE17A85D583}.Release|x86.ActiveCfg = Release|Any CPU
		{5B226B99-F751-4636-B78A-CCE17A85D583}.Release|x86.Build.0 = Release|Any CPU
		{6C59D131-E874-4FB7-8B5F-C233E97C53F0}.Debug|Any CPU.ActiveCfg = Debug|Any CPU
		{6C59D131-E874-4FB7-8B5F-C233E97C53F0}.Debug|Any CPU.Build.0 = Debug|Any CPU
		{6C59D131-E874-4FB7-8B5F-C233E97C53F0}.Debug|x86.ActiveCfg = Debug|Any CPU
		{6C59D131-E874-4FB7-8B5F-C233E97C53F0}.Debug|x86.Build.0 = Debug|Any CPU
		{6C59D131-E874-4FB7-8B5F-C233E97C53F0}.Release|Any CPU.ActiveCfg = Release|Any CPU
		{6C59D131-E874-4FB7-8B5F-C233E97C53F0}.Release|Any CPU.Build.0 = Release|Any CPU
		{6C59D131-E874-4FB7-8B5F-C233E97C53F0}.Release|x86.ActiveCfg = Release|Any CPU
		{6C59D131-E874-4FB7-8B5F-C233E97C53F0}.Release|x86.Build.0 = Release|Any CPU
		{A4070F08-47FE-4649-BE80-20E66ED496B9}.Debug|Any CPU.ActiveCfg = Debug|Any CPU
		{A4070F08-47FE-4649-BE80-20E66ED496B9}.Debug|Any CPU.Build.0 = Debug|Any CPU
		{A4070F08-47FE-4649-BE80-20E66ED496B9}.Debug|x86.ActiveCfg = Debug|Any CPU
		{A4070F08-47FE-4649-BE80-20E66ED496B9}.Debug|x86.Build.0 = Debug|Any CPU
		{A4070F08-47FE-4649-BE80-20E66ED496B9}.Release|Any CPU.ActiveCfg = Release|Any CPU
		{A4070F08-47FE-4649-BE80-20E66ED496B9}.Release|Any CPU.Build.0 = Release|Any CPU
		{A4070F08-47FE-4649-BE80-20E66ED496B9}.Release|x86.ActiveCfg = Release|Any CPU
		{A4070F08-47FE-4649-BE80-20E66ED496B9}.Release|x86.Build.0 = Release|Any CPU
	EndGlobalSection
	GlobalSection(SolutionProperties) = preSolution
		HideSolutionNode = FALSE
	EndGlobalSection
	GlobalSection(ExtensibilityGlobals) = postSolution
		SolutionGuid = {D7C9324D-FC85-4956-A1DA-8D22F529A458}
	EndGlobalSection
	GlobalSection(SharedMSBuildProjectFiles) = preSolution
		BrityWorks.Shared\BrityWorks.Shared.projitems*{382c2056-308f-4f40-8eef-02573669b705}*SharedItemsImports = 4
		BrityWorks.Shared\BrityWorks.Shared.projitems*{3d252ccf-a88f-4fce-85e1-e90ffb552a8f}*SharedItemsImports = 4
		BrityWorks.Shared\BrityWorks.Shared.projitems*{c405ac91-33cc-4f2b-bc17-62f1fffaf122}*SharedItemsImports = 4
		BrityWorks.Shared\BrityWorks.Shared.projitems*{cd4dc7f0-5c4e-4cfe-bec0-315094f6a545}*SharedItemsImports = 13
	EndGlobalSection
EndGlobal
